
Microsoft Visual Studio Solution File, Format Version 12.00
# Visual Studio 15
VisualStudioVersion = 15.0.28307.421
MinimumVisualStudioVersion = 10.0.40219.1
Project("{FAE04EC0-301F-11D3-BF4B-00C04F79EFBC}") = "Damage Simulation Algo", "Damage Simulation Algo\Damage Simulation Algo.csproj", "{952650D7-CF94-46B6-A831-CC838252A8AB}"
EndProject
Global
	GlobalSection(SolutionConfigurationPlatforms) = preSolution
		Debug|Any CPU = Debug|Any CPU
		Release|Any CPU = Release|Any CPU
	EndGlobalSection
	GlobalSection(ProjectConfigurationPlatforms) = postSolution
		{952650D7-CF94-46B6-A831-CC838252A8AB}.Debug|Any CPU.ActiveCfg = Debug|Any CPU
		{952650D7-CF94-46B6-A831-CC838252A8AB}.Debug|Any CPU.Build.0 = Debug|Any CPU
		{952650D7-CF94-46B6-A831-CC838252A8AB}.Release|Any CPU.ActiveCfg = Release|Any CPU
		{952650D7-CF94-46B6-A831-CC838252A8AB}.Release|Any CPU.Build.0 = Release|Any CPU
	EndGlobalSection
	GlobalSection(SolutionProperties) = preSolution
		HideSolutionNode = FALSE
	EndGlobalSection
	GlobalSection(ExtensibilityGlobals) = postSolution
		SolutionGuid = {1A7FC5E6-0EE2-4721-8EA2-34AB0A0849E6}
	EndGlobalSection
EndGlobal
